{
  "name": "dud-getting-started",
  "version": "1.0.0",
  "lockfileVersion": 1,
  "requires": true,
  "dependencies": {
    "@happybits/dud": {
      "version": "0.0.12",
      "resolved": "https://registry.npmjs.org/@happybits/dud/-/dud-0.0.12.tgz",
      "integrity": "sha512-P+L0SD7z54pw72VXfSzl+hIr4b79L95uv5PZkxPv3caPxPKUhFYeD1iOg2flRMAiutokEX6CM/M2a1c8qEgGrQ==",
      "requires": {
        "underscore": "^1.10.2"
      }
    },
    "underscore": {
      "version": "1.13.1",
      "resolved": "https://registry.npmjs.org/underscore/-/underscore-1.13.1.tgz",
      "integrity": "sha512-hzSoAVtJF+3ZtiFX0VgfFPHEDRm7Y/QPjGyNo4TVdnDTdft3tr8hEkD25a1jC+TjTuE7tkHGKkhwCgs9dgBB2g=="
    }
  }
}
